// !$*UTF8*$!
{
	archiveVersion = 1;
	classes = {
	};
	objectVersion = 46;
	objects = {
		18BD6453C50122D73A97F3AB = {
			isa = PBXBuildFile;
			fileRef = FB717A4C7C7BA538918D930A;
		};
		974983A8A7BFEAAFA52F9189 = {
			isa = PBXBuildFile;
			fileRef = 235A12C8CA7B2496D007C4D0;
		};
		59EA19C28D33B2D40A01918B = {
			isa = PBXBuildFile;
			fileRef = 728447FE16364C5715D5CA5C;
		};
		32DE51D3828ABC01499243D8 = {
			isa = PBXBuildFile;
			fileRef = 6181111B32423BAA00601E6D;
		};
		A8FAFE7C645CDAB0D7B19915 = {
			isa = PBXBuildFile;
			fileRef = 55E76ACC2278EE41A0F097C9;
		};
		2FD4D47A1ADAD0C41AB1A65E = {
			isa = PBXBuildFile;
			fileRef = 496CA3FF79FD10DC238C6E4D;
		};
		B563186873C5E65207A6DE02 = {
			isa = PBXBuildFile;
			fileRef = 2206564875FBC3E4141B5D17;
		};
		ABE0990D8095B5E89904E270 = {
			isa = PBXBuildFile;
			fileRef = B89945DB4AC045B3C5902E6B;
		};
		C58F703BA1CAAE0678C9816B = {
			isa = PBXBuildFile;
			fileRef = 395E9057DAC24FC6EB38DFB0;
		};
		54DE1805670F17C355A27153 = {
			isa = PBXBuildFile;
			fileRef = 9239E4ABAA3ABE7AAB30830B;
		};
		087B184DBEE415B4A0CFF08D = {
			isa = PBXBuildFile;
			fileRef = 6AF681A5C37E182D036441C5;
		};
		61436CB8D285A05BE5928973 = {
			isa = PBXBuildFile;
			fileRef = 8657FC13A40769288F2836E1;
		};
		39AF5C64A2946D510BCF6102 = {
			isa = PBXBuildFile;
			fileRef = E61FF335B9966B769F26ECC2;
		};
		E65578639506E7E89B23BFBD = {
			isa = PBXBuildFile;
			fileRef = 1CA1B9473FA51E05EE746C8A;
		};
		CEF8F790891D9DEE6ADE41D7 = {
			isa = PBXBuildFile;
			fileRef = A181B3F7697DAD632D0A2365;
		};
		E481B751F9884B1B66FDA1BC = {
			isa = PBXBuildFile;
			fileRef = 517DAB3EB0FC8CD59FE6710B;
		};
		838A52360080DB87B7FEE940 = {
			isa = PBXBuildFile;
			fileRef = 90DE5B2E5869A0F6E833CD64;
		};
		B1938A8F3FCA83077A9F71A8 = {
			isa = PBXBuildFile;
			fileRef = 557FEFC2714FCB7FCE52B6EF;
		};
		7735D47C1D26EE7B1D72ADEB = {
			isa = PBXBuildFile;
			fileRef = 944AFAF568071C2AD4A30567;
		};
		6368044DB0F160D66FB6F7FF = {
			isa = PBXBuildFile;
			fileRef = FB27A74B0EDEB7441E463D57;
		};
		CBB1C6E91A17C43A8DE55174 = {
			isa = PBXBuildFile;
			fileRef = 202B66F958BA44BDB03CF43B;
		};
		C3EF14D1F8004807CF221DF9 = {
			isa = PBXBuildFile;
			fileRef = A6923BC4DE0A9F909F98F0E0;
		};
		78928AB1C371B73EF0E6E36E = {
			isa = PBXBuildFile;
			fileRef = AC09220429903B0571B8BAFE;
		};
		51EE179C0635CF3AE1D17EEA = {
			isa = PBXBuildFile;
			fileRef = F535DF4881B6A75366A5BDEA;
		};
		A0ADAE30BAAF44DDEF11E899 = {
			isa = PBXBuildFile;
			fileRef = C256986D59A8501A38BFDAA1;
		};
		DAFD9A37C1A2CA46148A7925 = {
			isa = PBXBuildFile;
			fileRef = 5F0B265120D7AF615784032E;
		};
		0994FDD28C891C30DEBEEBB6 = {
			isa = PBXBuildFile;
			fileRef = 4C8B8B152BD1335BC35BFF7C;
		};
		A2602A1317913CBC1F743750 = {
			isa = PBXBuildFile;
			fileRef = 61C3D352D87D69BEDF11C26A;
		};
		8DCD91BD2C4D1F18946AC635 = {
			isa = PBXBuildFile;
			fileRef = DDF1401D4E9025493C18ADE6;
		};
		369C38B0C3CE47218096B50A = {
			isa = PBXBuildFile;
			fileRef = 0DDCEF8B9A84EE7B770EA091;
		};
		01BE436FCA8079E1E4BA134F = {
			isa = PBXBuildFile;
			fileRef = 5ED60B1931799844672E58DC;
		};
		84CD69F28639C05472A19B74 = {
			isa = PBXBuildFile;
			fileRef = E72C51FE443CD7150BFD442B;
		};
		0EA83519ACBED4415B349BC0 = {
			isa = PBXBuildFile;
			fileRef = DDD69E2FE8C689DB2E738A0E;
		};
		93BA48BD1BA70C77446AFDAC = {
			isa = PBXBuildFile;
			fileRef = 9C6FD020CE6CACF92D36FA82;
		};
		70EBEFFAF8BAD6A9AABEA2AD = {
			isa = PBXBuildFile;
			fileRef = CD947BC1A4E632615D7D72B6;
		};
		A80532811A419FBEC65AC531 = {
			isa = PBXBuildFile;
			fileRef = 7BDAC80297D906AE38072C52;
		};
		6980C4666F67B2E0DF7742EA = {
			isa = PBXBuildFile;
			fileRef = 9F521E67DF9227D4BDAC26CA;
		};
		95D02DB26D9BDD64DF397AEA = {
			isa = PBXBuildFile;
			fileRef = 6229DB3029286FE1B4063290;
		};
		5727242E95447366CFE9DE85 = {
			isa = PBXBuildFile;
			fileRef = 0177FF3EEA1E9EA7EBACB1A7;
		};
		000DC051DF3386F4E1D9831B = {
			isa = PBXBuildFile;
			fileRef = BF6796C003A4C2AB3BCB8558;
		};
		0177FF3EEA1E9EA7EBACB1A7 = {
			isa = PBXFileReference;
			lastKnownFileType = sourcecode.cpp.objcpp;
			name = "include_juce_gui_extra.mm";
			path = "../../JuceLibraryCode/include_juce_gui_extra.mm";
			sourceTree = "SOURCE_ROOT";
		};
		0DDCEF8B9A84EE7B770EA091 = {
			isa = PBXFileReference;
			lastKnownFileType = sourcecode.cpp.cpp;
			name = "include_juce_audio_plugin_client_VST3.cpp";
			path = "../../JuceLibraryCode/include_juce_audio_plugin_client_VST3.cpp";
			sourceTree = "SOURCE_ROOT";
		};
		166A7ADED0805534C30D1ABF = {
			isa = PBXFileReference;
			lastKnownFileType = file;
			name = "juce_opengl";
			path = "/Applications/JUCE/modules/juce_opengl";
			sourceTree = "<absolute>";
		};
		1BA8704978657E412A5AAE74 = {
			isa = PBXFileReference;
			lastKnownFileType = file;
			name = "juce_audio_basics";
			path = "/Applications/JUCE/modules/juce_audio_basics";
			sourceTree = "<absolute>";
		};
		1CA1B9473FA51E05EE746C8A = {
			isa = PBXFileReference;
			lastKnownFileType = wrapper.framework;
			name = IOKit.framework;
			path = System/Library/Frameworks/IOKit.framework;
			sourceTree = SDKROOT;
		};
		202B66F958BA44BDB03CF43B = {
			isa = PBXFileReference;
			lastKnownFileType = sourcecode.cpp.objcpp;
			name = "include_juce_audio_basics.mm";
			path = "../../JuceLibraryCode/include_juce_audio_basics.mm";
			sourceTree = "SOURCE_ROOT";
		};
		2206564875FBC3E4141B5D17 = {
			isa = PBXFileReference;
			lastKnownFileType = wrapper.framework;
			name = AudioUnit.framework;
			path = System/Library/Frameworks/AudioUnit.framework;
			sourceTree = SDKROOT;
		};
		30C030BE436FA7167751CECE = {
			isa = PBXFileReference;
			lastKnownFileType = file;
			name = "juce_audio_formats";
			path = "/Applications/JUCE/modules/juce_audio_formats";
			sourceTree = "<absolute>";
		};
		3F3AB66EB338F3178229B001 = {
			isa = PBXFileReference;
			lastKnownFileType = file;
			name = "juce_gui_extra";
			path = "/Applications/JUCE/modules/juce_gui_extra";
			sourceTree = "<absolute>";
		};
		FB717A4C7C7BA538918D930A = {
			isa = PBXFileReference;
			explicitFileType = wrapper.cfbundle;
			includeInIndex = 0;
			path = "Vocal Compressor.vst3";
			sourceTree = "BUILT_PRODUCTS_DIR";
		};
		235A12C8CA7B2496D007C4D0 = {
			isa = PBXFileReference;
			explicitFileType = wrapper.cfbundle;
			includeInIndex = 0;
			path = "Vocal Compressor.component";
			sourceTree = "BUILT_PRODUCTS_DIR";
		};
		395E9057DAC24FC6EB38DFB0 = {
			isa = PBXFileReference;
			lastKnownFileType = wrapper.framework;
			name = Cocoa.framework;
			path = System/Library/Frameworks/Cocoa.framework;
			sourceTree = SDKROOT;
		};
		40313A6201E09649D6220069 = {
			isa = PBXFileReference;
			lastKnownFileType = file;
			name = "juce_audio_utils";
			path = "/Applications/JUCE/modules/juce_audio_utils";
			sourceTree = "<absolute>";
		};
		496CA3FF79FD10DC238C6E4D = {
			isa = PBXFileReference;
			lastKnownFileType = wrapper.framework;
			name = AudioToolbox.framework;
			path = System/Library/Frameworks/AudioToolbox.framework;
			sourceTree = SDKROOT;
		};
		4C8B8B152BD1335BC35BFF7C = {
			isa = PBXFileReference;
			lastKnownFileType = sourcecode.cpp.cpp;
			name = "include_juce_audio_plugin_client_Standalone.cpp";
			path = "../../JuceLibraryCode/include_juce_audio_plugin_client_Standalone.cpp";
			sourceTree = "SOURCE_ROOT";
		};
		4C9037FD2128BB4638C4E552 = {
			isa = PBXFileReference;
			lastKnownFileType = file;
			name = "juce_audio_plugin_client";
			path = "/Applications/JUCE/modules/juce_audio_plugin_client";
			sourceTree = "<absolute>";
		};
		5000DD55183FA8C39769E4C6 = {
			isa = PBXFileReference;
			lastKnownFileType = file;
			name = "juce_audio_processors";
			path = "/Applications/JUCE/modules/juce_audio_processors";
			sourceTree = "<absolute>";
		};
		517DAB3EB0FC8CD59FE6710B = {
			isa = PBXFileReference;
			lastKnownFileType = wrapper.framework;
			name = QuartzCore.framework;
			path = System/Library/Frameworks/QuartzCore.framework;
			sourceTree = SDKROOT;
		};
		5409243C7E80BC995F8FD664 = {
			isa = PBXFileReference;
			lastKnownFileType = sourcecode.c.h;
			name = JuceHeader.h;
			path = ../../JuceLibraryCode/JuceHeader.h;
			sourceTree = "SOURCE_ROOT";
		};
		557FEFC2714FCB7FCE52B6EF = {
			isa = PBXFileReference;
			lastKnownFileType = file.nib;
			name = RecentFilesMenuTemplate.nib;
			path = RecentFilesMenuTemplate.nib;
			sourceTree = "SOURCE_ROOT";
		};
		55E76ACC2278EE41A0F097C9 = {
			isa = PBXFileReference;
			lastKnownFileType = wrapper.framework;
			name = Accelerate.framework;
			path = System/Library/Frameworks/Accelerate.framework;
			sourceTree = SDKROOT;
		};
		5BC953129A8D898534DC9530 = {
			isa = PBXFileReference;
			lastKnownFileType = file;
			name = "juce_graphics";
			path = "/Applications/JUCE/modules/juce_graphics";
			sourceTree = "<absolute>";
		};
		5ED60B1931799844672E58DC = {
			isa = PBXFileReference;
			lastKnownFileType = sourcecode.cpp.objcpp;
			name = "include_juce_audio_processors.mm";
			path = "../../JuceLibraryCode/include_juce_audio_processors.mm";
			sourceTree = "SOURCE_ROOT";
		};
		5F0B265120D7AF615784032E = {
			isa = PBXFileReference;
			lastKnownFileType = sourcecode.cpp.objcpp;
			name = "include_juce_audio_plugin_client_AU_2.mm";
			path = "../../JuceLibraryCode/include_juce_audio_plugin_client_AU_2.mm";
			sourceTree = "SOURCE_ROOT";
		};
		61C3D352D87D69BEDF11C26A = {
			isa = PBXFileReference;
			lastKnownFileType = sourcecode.cpp.cpp;
			name = "include_juce_audio_plugin_client_utils.cpp";
			path = "../../JuceLibraryCode/include_juce_audio_plugin_client_utils.cpp";
			sourceTree = "SOURCE_ROOT";
		};
		6A076D65D6C5C18133B377C4 = {
			isa = PBXFileReference;
			lastKnownFileType = text.plist.xml;
			name = "Info-VST3.plist";
			path = "Info-VST3.plist";
			sourceTree = "SOURCE_ROOT";
		};
		728447FE16364C5715D5CA5C = {
			isa = PBXFileReference;
			explicitFileType = wrapper.application;
			includeInIndex = 0;
			path = "Vocal Compressor.app";
			sourceTree = "BUILT_PRODUCTS_DIR";
		};
		6181111B32423BAA00601E6D = {
			isa = PBXFileReference;
			explicitFileType = archive.ar;
			includeInIndex = 0;
			path = "libVocal Compressor.a";
			sourceTree = "BUILT_PRODUCTS_DIR";
		};
		6229DB3029286FE1B4063290 = {
			isa = PBXFileReference;
			lastKnownFileType = sourcecode.cpp.objcpp;
			name = "include_juce_gui_basics.mm";
			path = "../../JuceLibraryCode/include_juce_gui_basics.mm";
			sourceTree = "SOURCE_ROOT";
		};
		6AF681A5C37E182D036441C5 = {
			isa = PBXFileReference;
			lastKnownFileType = wrapper.framework;
			name = CoreAudioKit.framework;
			path = System/Library/Frameworks/CoreAudioKit.framework;
			sourceTree = SDKROOT;
		};
		71449EC1FA1AB5893D199BA7 = {
			isa = PBXFileReference;
			lastKnownFileType = sourcecode.c.h;
			name = AppConfig.h;
			path = ../../JuceLibraryCode/AppConfig.h;
			sourceTree = "SOURCE_ROOT";
		};
		7BDAC80297D906AE38072C52 = {
			isa = PBXFileReference;
			lastKnownFileType = sourcecode.cpp.objcpp;
			name = "include_juce_events.mm";
			path = "../../JuceLibraryCode/include_juce_events.mm";
			sourceTree = "SOURCE_ROOT";
		};
		8657FC13A40769288F2836E1 = {
			isa = PBXFileReference;
			lastKnownFileType = wrapper.framework;
			name = CoreMIDI.framework;
			path = System/Library/Frameworks/CoreMIDI.framework;
			sourceTree = SDKROOT;
		};
		8AE86414A67E27EAD43EA4AF = {
			isa = PBXFileReference;
			lastKnownFileType = text.plist.xml;
			name = "Vocal Compressor.entitlements";
			path = "Vocal Compressor.entitlements";
			sourceTree = "SOURCE_ROOT";
		};
		8D37C676EFD51810829A67B6 = {
			isa = PBXFileReference;
			lastKnownFileType = text.plist.xml;
			name = "Info-AU.plist";
			path = "Info-AU.plist";
			sourceTree = "SOURCE_ROOT";
		};
		8DD6DED2EF10118339B057D6 = {
			isa = PBXFileReference;
			lastKnownFileType = sourcecode.c.h;
			name = PluginEditor.h;
			path = ../../Source/PluginEditor.h;
			sourceTree = "SOURCE_ROOT";
		};
		90DE5B2E5869A0F6E833CD64 = {
			isa = PBXFileReference;
			lastKnownFileType = wrapper.framework;
			name = WebKit.framework;
			path = System/Library/Frameworks/WebKit.framework;
			sourceTree = SDKROOT;
		};
		9239E4ABAA3ABE7AAB30830B = {
			isa = PBXFileReference;
			lastKnownFileType = wrapper.framework;
			name = CoreAudio.framework;
			path = System/Library/Frameworks/CoreAudio.framework;
			sourceTree = SDKROOT;
		};
		944AFAF568071C2AD4A30567 = {
			isa = PBXFileReference;
			lastKnownFileType = sourcecode.cpp.cpp;
			name = PluginProcessor.cpp;
			path = ../../Source/PluginProcessor.cpp;
			sourceTree = "SOURCE_ROOT";
		};
		9C6FD020CE6CACF92D36FA82 = {
			isa = PBXFileReference;
			lastKnownFileType = sourcecode.cpp.objcpp;
			name = "include_juce_cryptography.mm";
			path = "../../JuceLibraryCode/include_juce_cryptography.mm";
			sourceTree = "SOURCE_ROOT";
		};
		9F521E67DF9227D4BDAC26CA = {
			isa = PBXFileReference;
			lastKnownFileType = sourcecode.cpp.objcpp;
			name = "include_juce_graphics.mm";
			path = "../../JuceLibraryCode/include_juce_graphics.mm";
			sourceTree = "SOURCE_ROOT";
		};
		9F9B5675F73D5132CA5E5A3D = {
			isa = PBXFileReference;
			lastKnownFileType = file;
			name = "juce_audio_devices";
			path = "/Applications/JUCE/modules/juce_audio_devices";
			sourceTree = "<absolute>";
		};
		A181B3F7697DAD632D0A2365 = {
			isa = PBXFileReference;
			lastKnownFileType = wrapper.framework;
			name = OpenGL.framework;
			path = System/Library/Frameworks/OpenGL.framework;
			sourceTree = SDKROOT;
		};
		A6923BC4DE0A9F909F98F0E0 = {
			isa = PBXFileReference;
			lastKnownFileType = sourcecode.cpp.objcpp;
			name = "include_juce_audio_devices.mm";
			path = "../../JuceLibraryCode/include_juce_audio_devices.mm";
			sourceTree = "SOURCE_ROOT";
		};
		AC09220429903B0571B8BAFE = {
			isa = PBXFileReference;
			lastKnownFileType = sourcecode.cpp.objcpp;
			name = "include_juce_audio_formats.mm";
			path = "../../JuceLibraryCode/include_juce_audio_formats.mm";
			sourceTree = "SOURCE_ROOT";
		};
		B2D81F6B1E3D888B63AE4C85 = {
			isa = PBXFileReference;
			lastKnownFileType = file;
			name = "juce_gui_basics";
			path = "/Applications/JUCE/modules/juce_gui_basics";
			sourceTree = "<absolute>";
		};
		B89945DB4AC045B3C5902E6B = {
			isa = PBXFileReference;
			lastKnownFileType = wrapper.framework;
			name = Carbon.framework;
			path = System/Library/Frameworks/Carbon.framework;
			sourceTree = SDKROOT;
		};
		BA756626C7EA067BE6AD2485 = {
			isa = PBXFileReference;
			lastKnownFileType = text.plist.xml;
			name = "Info-Standalone_Plugin.plist";
			path = "Info-Standalone_Plugin.plist";
			sourceTree = "SOURCE_ROOT";
		};
		BF6796C003A4C2AB3BCB8558 = {
			isa = PBXFileReference;
			lastKnownFileType = sourcecode.cpp.objcpp;
			name = "include_juce_opengl.mm";
			path = "../../JuceLibraryCode/include_juce_opengl.mm";
			sourceTree = "SOURCE_ROOT";
		};
		C256986D59A8501A38BFDAA1 = {
			isa = PBXFileReference;
			lastKnownFileType = sourcecode.cpp.objcpp;
			name = "include_juce_audio_plugin_client_AU_1.mm";
			path = "../../JuceLibraryCode/include_juce_audio_plugin_client_AU_1.mm";
			sourceTree = "SOURCE_ROOT";
		};
		C46C92FDDA126E86469259CD = {
			isa = PBXFileReference;
			lastKnownFileType = sourcecode.c.h;
			name = PluginProcessor.h;
			path = ../../Source/PluginProcessor.h;
			sourceTree = "SOURCE_ROOT";
		};
		CC2D88C96A82426FBE890549 = {
			isa = PBXFileReference;
			lastKnownFileType = file;
			name = "juce_cryptography";
			path = "/Applications/JUCE/modules/juce_cryptography";
			sourceTree = "<absolute>";
		};
		CD947BC1A4E632615D7D72B6 = {
			isa = PBXFileReference;
			lastKnownFileType = sourcecode.cpp.objcpp;
			name = "include_juce_data_structures.mm";
			path = "../../JuceLibraryCode/include_juce_data_structures.mm";
			sourceTree = "SOURCE_ROOT";
		};
		D5FFCB52B6FAC7ECB55C6D5A = {
			isa = PBXFileReference;
			lastKnownFileType = file;
			name = "juce_core";
			path = "/Applications/JUCE/modules/juce_core";
			sourceTree = "<absolute>";
		};
		DDD69E2FE8C689DB2E738A0E = {
			isa = PBXFileReference;
			lastKnownFileType = sourcecode.cpp.objcpp;
			name = "include_juce_core.mm";
			path = "../../JuceLibraryCode/include_juce_core.mm";
			sourceTree = "SOURCE_ROOT";
		};
		DDF1401D4E9025493C18ADE6 = {
			isa = PBXFileReference;
			lastKnownFileType = sourcecode.cpp.objcpp;
			name = "include_juce_audio_plugin_client_VST_utils.mm";
			path = "../../JuceLibraryCode/include_juce_audio_plugin_client_VST_utils.mm";
			sourceTree = "SOURCE_ROOT";
		};
		E61FF335B9966B769F26ECC2 = {
			isa = PBXFileReference;
			lastKnownFileType = wrapper.framework;
			name = DiscRecording.framework;
			path = System/Library/Frameworks/DiscRecording.framework;
			sourceTree = SDKROOT;
		};
		E72C51FE443CD7150BFD442B = {
			isa = PBXFileReference;
			lastKnownFileType = sourcecode.cpp.objcpp;
			name = "include_juce_audio_utils.mm";
			path = "../../JuceLibraryCode/include_juce_audio_utils.mm";
			sourceTree = "SOURCE_ROOT";
		};
		F535DF4881B6A75366A5BDEA = {
			isa = PBXFileReference;
			lastKnownFileType = file.r;
			name = "include_juce_audio_plugin_client_AU.r";
			path = "../../JuceLibraryCode/include_juce_audio_plugin_client_AU.r";
			sourceTree = "SOURCE_ROOT";
		};
		F6C37C9B4F668899EB42EDBD = {
			isa = PBXFileReference;
			lastKnownFileType = file;
			name = "juce_events";
			path = "/Applications/JUCE/modules/juce_events";
			sourceTree = "<absolute>";
		};
		F8B32724621C11A97919B74F = {
			isa = PBXFileReference;
			lastKnownFileType = file;
			name = "juce_data_structures";
			path = "/Applications/JUCE/modules/juce_data_structures";
			sourceTree = "<absolute>";
		};
		FB27A74B0EDEB7441E463D57 = {
			isa = PBXFileReference;
			lastKnownFileType = sourcecode.cpp.cpp;
			name = PluginEditor.cpp;
			path = ../../Source/PluginEditor.cpp;
			sourceTree = "SOURCE_ROOT";
		};
		BD75C99F0BC7DBC16820DCD9 = {
			isa = PBXGroup;
			children = (
				944AFAF568071C2AD4A30567,
				C46C92FDDA126E86469259CD,
				FB27A74B0EDEB7441E463D57,
				8DD6DED2EF10118339B057D6,
			);
			name = Source;
			sourceTree = "<group>";
		};
		FE91C0A4A34E7AC80C335ECE = {
			isa = PBXGroup;
			children = (
				BD75C99F0BC7DBC16820DCD9,
			);
			name = "Vocal Compressor";
			sourceTree = "<group>";
		};
		1C653CA4BF471ECE4E6E34CC = {
			isa = PBXGroup;
			children = (
				1BA8704978657E412A5AAE74,
				9F9B5675F73D5132CA5E5A3D,
				30C030BE436FA7167751CECE,
				4C9037FD2128BB4638C4E552,
				5000DD55183FA8C39769E4C6,
				40313A6201E09649D6220069,
				D5FFCB52B6FAC7ECB55C6D5A,
				CC2D88C96A82426FBE890549,
				F8B32724621C11A97919B74F,
				F6C37C9B4F668899EB42EDBD,
				5BC953129A8D898534DC9530,
				B2D81F6B1E3D888B63AE4C85,
				3F3AB66EB338F3178229B001,
				166A7ADED0805534C30D1ABF,
			);
			name = "JUCE Modules";
			sourceTree = "<group>";
		};
		5370E9147514F4DF57ECA376 = {
			isa = PBXGroup;
			children = (
				71449EC1FA1AB5893D199BA7,
				202B66F958BA44BDB03CF43B,
				A6923BC4DE0A9F909F98F0E0,
				AC09220429903B0571B8BAFE,
				F535DF4881B6A75366A5BDEA,
				C256986D59A8501A38BFDAA1,
				5F0B265120D7AF615784032E,
				4C8B8B152BD1335BC35BFF7C,
				61C3D352D87D69BEDF11C26A,
				DDF1401D4E9025493C18ADE6,
				0DDCEF8B9A84EE7B770EA091,
				5ED60B1931799844672E58DC,
				E72C51FE443CD7150BFD442B,
				DDD69E2FE8C689DB2E738A0E,
				9C6FD020CE6CACF92D36FA82,
				CD947BC1A4E632615D7D72B6,
				7BDAC80297D906AE38072C52,
				9F521E67DF9227D4BDAC26CA,
				6229DB3029286FE1B4063290,
				0177FF3EEA1E9EA7EBACB1A7,
				BF6796C003A4C2AB3BCB8558,
				5409243C7E80BC995F8FD664,
			);
			name = "JUCE Library Code";
			sourceTree = "<group>";
		};
		969A74E6E4CAF9BF9B5CDE39 = {
			isa = PBXGroup;
			children = (
				6A076D65D6C5C18133B377C4,
				8D37C676EFD51810829A67B6,
				BA756626C7EA067BE6AD2485,
				557FEFC2714FCB7FCE52B6EF,
			);
			name = Resources;
			sourceTree = "<group>";
		};
		0749769117EDD0AB774199FA = {
			isa = PBXGroup;
			children = (
				55E76ACC2278EE41A0F097C9,
				496CA3FF79FD10DC238C6E4D,
				2206564875FBC3E4141B5D17,
				B89945DB4AC045B3C5902E6B,
				395E9057DAC24FC6EB38DFB0,
				9239E4ABAA3ABE7AAB30830B,
				6AF681A5C37E182D036441C5,
				8657FC13A40769288F2836E1,
				E61FF335B9966B769F26ECC2,
				1CA1B9473FA51E05EE746C8A,
				A181B3F7697DAD632D0A2365,
				517DAB3EB0FC8CD59FE6710B,
				90DE5B2E5869A0F6E833CD64,
			);
			name = Frameworks;
			sourceTree = "<group>";
		};
		F9650A3A636FB05DED2A1217 = {
			isa = PBXGroup;
			children = (
				FB717A4C7C7BA538918D930A,
				235A12C8CA7B2496D007C4D0,
				728447FE16364C5715D5CA5C,
				6181111B32423BAA00601E6D,
			);
			name = Products;
			sourceTree = "<group>";
		};
		D9DAD0B4D28F76102EC41835 = {
			isa = PBXGroup;
			children = (
				8AE86414A67E27EAD43EA4AF,
				FE91C0A4A34E7AC80C335ECE,
				1C653CA4BF471ECE4E6E34CC,
				5370E9147514F4DF57ECA376,
				969A74E6E4CAF9BF9B5CDE39,
				0749769117EDD0AB774199FA,
				F9650A3A636FB05DED2A1217,
			);
			name = Source;
			sourceTree = "<group>";
		};
		8635B3ACBE4086D60BD4A19B = {
			isa = XCBuildConfiguration;
			buildSettings = {
				MACOSX_DEPLOYMENT_TARGET = 10.11;
			};
			name = Debug;
		};
		E6437254B89C2235A13AF2D1 = {
			isa = XCBuildConfiguration;
			buildSettings = {
				MACOSX_DEPLOYMENT_TARGET = 10.11;
			};
			name = Release;
		};
		3825EB68E8EB3D1561BBCF68 = {
			isa = XCBuildConfiguration;
			buildSettings = {
				CLANG_CXX_LANGUAGE_STANDARD = "c++14";
				CLANG_CXX_LIBRARY = "libc++";
				CLANG_LINK_OBJC_RUNTIME = NO;
				COMBINE_HIDPI_IMAGES = YES;
				CONFIGURATION_BUILD_DIR = "$(PROJECT_DIR)/build/$(CONFIGURATION)";
				COPY_PHASE_STRIP = NO;
				DEPLOYMENT_LOCATION = YES;
				DSTROOT = /;
				GCC_DYNAMIC_NO_PIC = NO;
				GCC_OPTIMIZATION_LEVEL = 0;
				GCC_PREPROCESSOR_DEFINITIONS = (
					"_DEBUG=1",
					"DEBUG=1",
					"JUCER_XCODE_MAC_F6D2F4CF=1",
					"JUCE_APP_VERSION=1.0.0",
					"JUCE_APP_VERSION_HEX=0x10000",
					"JucePlugin_Build_VST=0",
					"JucePlugin_Build_VST3=1",
					"JucePlugin_Build_AU=0",
					"JucePlugin_Build_AUv3=0",
					"JucePlugin_Build_RTAS=0",
					"JucePlugin_Build_AAX=0",
					"JucePlugin_Build_Standalone=0",
					"JucePlugin_Build_Unity=0",
				);
				GCC_VERSION = com.apple.compilers.llvm.clang.1_0;
				GENERATE_PKGINFO_FILE = YES;
				HEADER_SEARCH_PATHS = (
					"/Applications/JUCE/modules/juce_audio_processors/format_types/VST3_SDK",
					"../../JuceLibraryCode",
					"/Applications/JUCE/modules",
					"/Applications/JUCE/modules/juce_audio_plugin_client",
					"$(inherited)",
				);
				INFOPLIST_FILE = Info-VST3.plist;
				INFOPLIST_PREPROCESS = NO;
				INSTALL_PATH = "$(HOME)/Library/Audio/Plug-Ins/VST3/";
				LIBRARY_STYLE = Bundle;
				MACOSX_DEPLOYMENT_TARGET = 10.11;
				OTHER_LDFLAGS = "-bundle -lVocal\\ Compressor";
				PRODUCT_BUNDLE_IDENTIFIER = com.TaylorPage.VocalCompressor;
				PRODUCT_NAME = "Vocal Compressor";
				USE_HEADERMAP = NO;
				WRAPPER_EXTENSION = vst3;
			};
			name = Debug;
		};
		F68A1C40C259B07CBCEBB7E4 = {
			isa = XCBuildConfiguration;
			buildSettings = {
				CLANG_CXX_LANGUAGE_STANDARD = "c++14";
				CLANG_CXX_LIBRARY = "libc++";
				CLANG_LINK_OBJC_RUNTIME = NO;
				COMBINE_HIDPI_IMAGES = YES;
				CONFIGURATION_BUILD_DIR = "$(PROJECT_DIR)/build/$(CONFIGURATION)";
				DEAD_CODE_STRIPPING = YES;
				DEPLOYMENT_LOCATION = YES;
				DSTROOT = /;
				GCC_GENERATE_DEBUGGING_SYMBOLS = NO;
				GCC_OPTIMIZATION_LEVEL = 3;
				GCC_PREPROCESSOR_DEFINITIONS = (
					"_NDEBUG=1",
					"NDEBUG=1",
					"JUCER_XCODE_MAC_F6D2F4CF=1",
					"JUCE_APP_VERSION=1.0.0",
					"JUCE_APP_VERSION_HEX=0x10000",
					"JucePlugin_Build_VST=0",
					"JucePlugin_Build_VST3=1",
					"JucePlugin_Build_AU=0",
					"JucePlugin_Build_AUv3=0",
					"JucePlugin_Build_RTAS=0",
					"JucePlugin_Build_AAX=0",
					"JucePlugin_Build_Standalone=0",
					"JucePlugin_Build_Unity=0",
				);
				GCC_SYMBOLS_PRIVATE_EXTERN = YES;
				GCC_VERSION = com.apple.compilers.llvm.clang.1_0;
				GENERATE_PKGINFO_FILE = YES;
				HEADER_SEARCH_PATHS = (
					"/Applications/JUCE/modules/juce_audio_processors/format_types/VST3_SDK",
					"../../JuceLibraryCode",
					"/Applications/JUCE/modules",
					"/Applications/JUCE/modules/juce_audio_plugin_client",
					"$(inherited)",
				);
				INFOPLIST_FILE = Info-VST3.plist;
				INFOPLIST_PREPROCESS = NO;
				INSTALL_PATH = "$(HOME)/Library/Audio/Plug-Ins/VST3/";
				LIBRARY_STYLE = Bundle;
				LLVM_LTO = YES;
				MACOSX_DEPLOYMENT_TARGET = 10.11;
				OTHER_LDFLAGS = "-bundle -lVocal\\ Compressor";
				PRODUCT_BUNDLE_IDENTIFIER = com.TaylorPage.VocalCompressor;
				PRODUCT_NAME = "Vocal Compressor";
				USE_HEADERMAP = NO;
				WRAPPER_EXTENSION = vst3;
			};
			name = Release;
		};
		95EBEEA4151D79F608BAE689 = {
			isa = XCBuildConfiguration;
			buildSettings = {
				CLANG_CXX_LANGUAGE_STANDARD = "c++14";
				CLANG_CXX_LIBRARY = "libc++";
				CLANG_LINK_OBJC_RUNTIME = NO;
				COMBINE_HIDPI_IMAGES = YES;
				CONFIGURATION_BUILD_DIR = "$(PROJECT_DIR)/build/$(CONFIGURATION)";
				COPY_PHASE_STRIP = NO;
				DEPLOYMENT_LOCATION = YES;
				DSTROOT = /;
				GCC_DYNAMIC_NO_PIC = NO;
				GCC_OPTIMIZATION_LEVEL = 0;
				GCC_PREPROCESSOR_DEFINITIONS = (
					"_DEBUG=1",
					"DEBUG=1",
					"JUCER_XCODE_MAC_F6D2F4CF=1",
					"JUCE_APP_VERSION=1.0.0",
					"JUCE_APP_VERSION_HEX=0x10000",
					"JucePlugin_Build_VST=0",
					"JucePlugin_Build_VST3=0",
					"JucePlugin_Build_AU=1",
					"JucePlugin_Build_AUv3=0",
					"JucePlugin_Build_RTAS=0",
					"JucePlugin_Build_AAX=0",
					"JucePlugin_Build_Standalone=0",
					"JucePlugin_Build_Unity=0",
				);
				GCC_VERSION = com.apple.compilers.llvm.clang.1_0;
				GENERATE_PKGINFO_FILE = YES;
				HEADER_SEARCH_PATHS = (
					"/Applications/JUCE/modules/juce_audio_processors/format_types/VST3_SDK",
					"../../JuceLibraryCode",
					"/Applications/JUCE/modules",
					"/Applications/JUCE/modules/juce_audio_plugin_client",
					"$(inherited)",
				);
				INFOPLIST_FILE = Info-AU.plist;
				INFOPLIST_PREPROCESS = NO;
				INSTALL_PATH = "$(HOME)/Library/Audio/Plug-Ins/Components/";
				LIBRARY_STYLE = Bundle;
				MACOSX_DEPLOYMENT_TARGET = 10.11;
				OTHER_LDFLAGS = "-bundle -lVocal\\ Compressor";
				OTHER_REZFLAGS = "-d ppc_$ppc -d i386_$i386 -d ppc64_$ppc64 -d x86_64_$x86_64 -I /System/Library/Frameworks/CoreServices.framework/Frameworks/CarbonCore.framework/Versions/A/Headers -I \"$(DEVELOPER_DIR)/Extras/CoreAudio/AudioUnits/AUPublic/AUBase\" -I \"$(DEVELOPER_DIR)/Platforms/MacOSX.platform/Developer/SDKs/MacOSX.sdk/System/Library/Frameworks/AudioUnit.framework/Headers\"";
				PRODUCT_BUNDLE_IDENTIFIER = com.TaylorPage.VocalCompressor;
				PRODUCT_NAME = "Vocal Compressor";
				USE_HEADERMAP = NO;
				WRAPPER_EXTENSION = component;
			};
			name = Debug;
		};
		0C36FF9DE012833D1353FF70 = {
			isa = XCBuildConfiguration;
			buildSettings = {
				CLANG_CXX_LANGUAGE_STANDARD = "c++14";
				CLANG_CXX_LIBRARY = "libc++";
				CLANG_LINK_OBJC_RUNTIME = NO;
				COMBINE_HIDPI_IMAGES = YES;
				CONFIGURATION_BUILD_DIR = "$(PROJECT_DIR)/build/$(CONFIGURATION)";
				DEAD_CODE_STRIPPING = YES;
				DEPLOYMENT_LOCATION = YES;
				DSTROOT = /;
				GCC_GENERATE_DEBUGGING_SYMBOLS = NO;
				GCC_OPTIMIZATION_LEVEL = 3;
				GCC_PREPROCESSOR_DEFINITIONS = (
					"_NDEBUG=1",
					"NDEBUG=1",
					"JUCER_XCODE_MAC_F6D2F4CF=1",
					"JUCE_APP_VERSION=1.0.0",
					"JUCE_APP_VERSION_HEX=0x10000",
					"JucePlugin_Build_VST=0",
					"JucePlugin_Build_VST3=0",
					"JucePlugin_Build_AU=1",
					"JucePlugin_Build_AUv3=0",
					"JucePlugin_Build_RTAS=0",
					"JucePlugin_Build_AAX=0",
					"JucePlugin_Build_Standalone=0",
					"JucePlugin_Build_Unity=0",
				);
				GCC_SYMBOLS_PRIVATE_EXTERN = YES;
				GCC_VERSION = com.apple.compilers.llvm.clang.1_0;
				GENERATE_PKGINFO_FILE = YES;
				HEADER_SEARCH_PATHS = (
					"/Applications/JUCE/modules/juce_audio_processors/format_types/VST3_SDK",
					"../../JuceLibraryCode",
					"/Applications/JUCE/modules",
					"/Applications/JUCE/modules/juce_audio_plugin_client",
					"$(inherited)",
				);
				INFOPLIST_FILE = Info-AU.plist;
				INFOPLIST_PREPROCESS = NO;
				INSTALL_PATH = "$(HOME)/Library/Audio/Plug-Ins/Components/";
				LIBRARY_STYLE = Bundle;
				LLVM_LTO = YES;
				MACOSX_DEPLOYMENT_TARGET = 10.11;
				OTHER_LDFLAGS = "-bundle -lVocal\\ Compressor";
				OTHER_REZFLAGS = "-d ppc_$ppc -d i386_$i386 -d ppc64_$ppc64 -d x86_64_$x86_64 -I /System/Library/Frameworks/CoreServices.framework/Frameworks/CarbonCore.framework/Versions/A/Headers -I \"$(DEVELOPER_DIR)/Extras/CoreAudio/AudioUnits/AUPublic/AUBase\" -I \"$(DEVELOPER_DIR)/Platforms/MacOSX.platform/Developer/SDKs/MacOSX.sdk/System/Library/Frameworks/AudioUnit.framework/Headers\"";
				PRODUCT_BUNDLE_IDENTIFIER = com.TaylorPage.VocalCompressor;
				PRODUCT_NAME = "Vocal Compressor";
				USE_HEADERMAP = NO;
				WRAPPER_EXTENSION = component;
			};
			name = Release;
		};
		4FE2F8E78F7901583BEF3101 = {
			isa = XCBuildConfiguration;
			buildSettings = {
				CLANG_CXX_LANGUAGE_STANDARD = "c++14";
				CLANG_CXX_LIBRARY = "libc++";
				CLANG_LINK_OBJC_RUNTIME = NO;
				COMBINE_HIDPI_IMAGES = YES;
				CONFIGURATION_BUILD_DIR = "$(PROJECT_DIR)/build/$(CONFIGURATION)";
				COPY_PHASE_STRIP = NO;
				GCC_DYNAMIC_NO_PIC = NO;
				GCC_OPTIMIZATION_LEVEL = 0;
				GCC_PREPROCESSOR_DEFINITIONS = (
					"_DEBUG=1",
					"DEBUG=1",
					"JUCER_XCODE_MAC_F6D2F4CF=1",
					"JUCE_APP_VERSION=1.0.0",
					"JUCE_APP_VERSION_HEX=0x10000",
					"JucePlugin_Build_VST=0",
					"JucePlugin_Build_VST3=0",
					"JucePlugin_Build_AU=0",
					"JucePlugin_Build_AUv3=0",
					"JucePlugin_Build_RTAS=0",
					"JucePlugin_Build_AAX=0",
					"JucePlugin_Build_Standalone=1",
					"JucePlugin_Build_Unity=0",
				);
				GCC_VERSION = com.apple.compilers.llvm.clang.1_0;
				HEADER_SEARCH_PATHS = (
					"/Applications/JUCE/modules/juce_audio_processors/format_types/VST3_SDK",
					"../../JuceLibraryCode",
					"/Applications/JUCE/modules",
					"/Applications/JUCE/modules/juce_audio_plugin_client",
					"$(inherited)",
				);
				INFOPLIST_FILE = Info-Standalone_Plugin.plist;
				INFOPLIST_PREPROCESS = NO;
				MACOSX_DEPLOYMENT_TARGET = 10.11;
				OTHER_LDFLAGS = "-lVocal\\ Compressor";
				PRODUCT_BUNDLE_IDENTIFIER = com.TaylorPage.VocalCompressor;
				PRODUCT_NAME = "Vocal Compressor";
				USE_HEADERMAP = NO;
			};
			name = Debug;
		};
		A1BE9974C8C3804D8CC51FF2 = {
			isa = XCBuildConfiguration;
			buildSettings = {
				CLANG_CXX_LANGUAGE_STANDARD = "c++14";
				CLANG_CXX_LIBRARY = "libc++";
				CLANG_LINK_OBJC_RUNTIME = NO;
				COMBINE_HIDPI_IMAGES = YES;
				CONFIGURATION_BUILD_DIR = "$(PROJECT_DIR)/build/$(CONFIGURATION)";
				DEAD_CODE_STRIPPING = YES;
				GCC_GENERATE_DEBUGGING_SYMBOLS = NO;
				GCC_OPTIMIZATION_LEVEL = 3;
				GCC_PREPROCESSOR_DEFINITIONS = (
					"_NDEBUG=1",
					"NDEBUG=1",
					"JUCER_XCODE_MAC_F6D2F4CF=1",
					"JUCE_APP_VERSION=1.0.0",
					"JUCE_APP_VERSION_HEX=0x10000",
					"JucePlugin_Build_VST=0",
					"JucePlugin_Build_VST3=0",
					"JucePlugin_Build_AU=0",
					"JucePlugin_Build_AUv3=0",
					"JucePlugin_Build_RTAS=0",
					"JucePlugin_Build_AAX=0",
					"JucePlugin_Build_Standalone=1",
					"JucePlugin_Build_Unity=0",
				);
				GCC_SYMBOLS_PRIVATE_EXTERN = YES;
				GCC_VERSION = com.apple.compilers.llvm.clang.1_0;
				HEADER_SEARCH_PATHS = (
					"/Applications/JUCE/modules/juce_audio_processors/format_types/VST3_SDK",
					"../../JuceLibraryCode",
					"/Applications/JUCE/modules",
					"/Applications/JUCE/modules/juce_audio_plugin_client",
					"$(inherited)",
				);
				INFOPLIST_FILE = Info-Standalone_Plugin.plist;
				INFOPLIST_PREPROCESS = NO;
				LLVM_LTO = YES;
				MACOSX_DEPLOYMENT_TARGET = 10.11;
				OTHER_LDFLAGS = "-lVocal\\ Compressor";
				PRODUCT_BUNDLE_IDENTIFIER = com.TaylorPage.VocalCompressor;
				PRODUCT_NAME = "Vocal Compressor";
				USE_HEADERMAP = NO;
			};
			name = Release;
		};
		013B5D22AB47683FE7863A63 = {
			isa = XCBuildConfiguration;
			buildSettings = {
				CLANG_CXX_LANGUAGE_STANDARD = "c++14";
				CLANG_CXX_LIBRARY = "libc++";
				CLANG_LINK_OBJC_RUNTIME = NO;
				COMBINE_HIDPI_IMAGES = YES;
				CONFIGURATION_BUILD_DIR = "$(PROJECT_DIR)/build/$(CONFIGURATION)";
				COPY_PHASE_STRIP = NO;
				GCC_DYNAMIC_NO_PIC = NO;
				GCC_OPTIMIZATION_LEVEL = 0;
				GCC_PREPROCESSOR_DEFINITIONS = (
					"_DEBUG=1",
					"DEBUG=1",
					"JUCER_XCODE_MAC_F6D2F4CF=1",
					"JUCE_APP_VERSION=1.0.0",
					"JUCE_APP_VERSION_HEX=0x10000",
					"JucePlugin_Build_VST=0",
					"JucePlugin_Build_VST3=1",
					"JucePlugin_Build_AU=1",
					"JucePlugin_Build_AUv3=0",
					"JucePlugin_Build_RTAS=0",
					"JucePlugin_Build_AAX=0",
					"JucePlugin_Build_Standalone=1",
					"JucePlugin_Build_Unity=0",
					"JUCE_SHARED_CODE=1",
				);
				GCC_VERSION = com.apple.compilers.llvm.clang.1_0;
				HEADER_SEARCH_PATHS = (
					"/Applications/JUCE/modules/juce_audio_processors/format_types/VST3_SDK",
					"../../JuceLibraryCode",
					"/Applications/JUCE/modules",
					"/Applications/JUCE/modules/juce_audio_plugin_client",
					"$(inherited)",
				);
				INSTALL_PATH = "@executable_path/../Frameworks";
				MACOSX_DEPLOYMENT_TARGET = 10.11;
				PRODUCT_BUNDLE_IDENTIFIER = com.TaylorPage.VocalCompressor;
				PRODUCT_NAME = "Vocal Compressor";
				SKIP_INSTALL = YES;
				USE_HEADERMAP = NO;
			};
			name = Debug;
		};
		A538E1CFC2E7BA36FBC31F4C = {
			isa = XCBuildConfiguration;
			buildSettings = {
				CLANG_CXX_LANGUAGE_STANDARD = "c++14";
				CLANG_CXX_LIBRARY = "libc++";
				CLANG_LINK_OBJC_RUNTIME = NO;
				COMBINE_HIDPI_IMAGES = YES;
				CONFIGURATION_BUILD_DIR = "$(PROJECT_DIR)/build/$(CONFIGURATION)";
				DEAD_CODE_STRIPPING = YES;
				GCC_GENERATE_DEBUGGING_SYMBOLS = NO;
				GCC_OPTIMIZATION_LEVEL = 3;
				GCC_PREPROCESSOR_DEFINITIONS = (
					"_NDEBUG=1",
					"NDEBUG=1",
					"JUCER_XCODE_MAC_F6D2F4CF=1",
					"JUCE_APP_VERSION=1.0.0",
					"JUCE_APP_VERSION_HEX=0x10000",
					"JucePlugin_Build_VST=0",
					"JucePlugin_Build_VST3=1",
					"JucePlugin_Build_AU=1",
					"JucePlugin_Build_AUv3=0",
					"JucePlugin_Build_RTAS=0",
					"JucePlugin_Build_AAX=0",
					"JucePlugin_Build_Standalone=1",
					"JucePlugin_Build_Unity=0",
					"JUCE_SHARED_CODE=1",
				);
				GCC_SYMBOLS_PRIVATE_EXTERN = YES;
				GCC_VERSION = com.apple.compilers.llvm.clang.1_0;
				HEADER_SEARCH_PATHS = (
					"/Applications/JUCE/modules/juce_audio_processors/format_types/VST3_SDK",
					"../../JuceLibraryCode",
					"/Applications/JUCE/modules",
					"/Applications/JUCE/modules/juce_audio_plugin_client",
					"$(inherited)",
				);
				INSTALL_PATH = "@executable_path/../Frameworks";
				LLVM_LTO = YES;
				MACOSX_DEPLOYMENT_TARGET = 10.11;
				PRODUCT_BUNDLE_IDENTIFIER = com.TaylorPage.VocalCompressor;
				PRODUCT_NAME = "Vocal Compressor";
				SKIP_INSTALL = YES;
				USE_HEADERMAP = NO;
			};
			name = Release;
		};
		B59CB82415C67D1B8EEDC6AF = {
			isa = XCBuildConfiguration;
			buildSettings = {
				ALWAYS_SEARCH_USER_PATHS = NO;
				CLANG_ENABLE_OBJC_WEAK = YES;
				CLANG_WARN_BLOCK_CAPTURE_AUTORELEASING = YES;
				CLANG_WARN_BOOL_CONVERSION = YES;
				CLANG_WARN_COMMA = YES;
				CLANG_WARN_CONSTANT_CONVERSION = YES;
				CLANG_WARN_DEPRECATED_OBJC_IMPLEMENTATIONS = YES;
				CLANG_WARN_EMPTY_BODY = YES;
				CLANG_WARN_ENUM_CONVERSION = YES;
				CLANG_WARN_INFINITE_RECURSION = YES;
				CLANG_WARN_INT_CONVERSION = YES;
				CLANG_WARN_NON_LITERAL_NULL_CONVERSION = YES;
				CLANG_WARN_OBJC_IMPLICIT_RETAIN_SELF = YES;
				CLANG_WARN_OBJC_LITERAL_CONVERSION = YES;
				CLANG_WARN_RANGE_LOOP_ANALYSIS = YES;
				CLANG_WARN_STRICT_PROTOTYPES = YES;
				CLANG_WARN_SUSPICIOUS_MOVE = YES;
				CLANG_WARN_UNREACHABLE_CODE = YES;
				CLANG_WARN__DUPLICATE_METHOD_MATCH = YES;
				DEBUG_INFORMATION_FORMAT = dwarf;
				ENABLE_STRICT_OBJC_MSGSEND = YES;
				ENABLE_TESTABILITY = YES;
				GCC_C_LANGUAGE_STANDARD = c11;
				GCC_INLINES_ARE_PRIVATE_EXTERN = YES;
				GCC_MODEL_TUNING = G5;
				GCC_NO_COMMON_BLOCKS = YES;
				GCC_WARN_64_TO_32_BIT_CONVERSION = YES;
				GCC_WARN_ABOUT_RETURN_TYPE = YES;
				GCC_WARN_CHECK_SWITCH_STATEMENTS = YES;
				GCC_WARN_MISSING_PARENTHESES = YES;
				GCC_WARN_NON_VIRTUAL_DESTRUCTOR = YES;
				GCC_WARN_TYPECHECK_CALLS_TO_PRINTF = YES;
				GCC_WARN_UNDECLARED_SELECTOR = YES;
				GCC_WARN_UNINITIALIZED_AUTOS = YES;
				GCC_WARN_UNUSED_FUNCTION = YES;
				GCC_WARN_UNUSED_VARIABLE = YES;
				ONLY_ACTIVE_ARCH = YES;
				PRODUCT_NAME = "Vocal Compressor";
				WARNING_CFLAGS = "-Wreorder";
				ZERO_LINK = NO;
			};
			name = Debug;
		};
		CCA53A907E7DC8994E281E8D = {
			isa = XCBuildConfiguration;
			buildSettings = {
				ALWAYS_SEARCH_USER_PATHS = NO;
				CLANG_ENABLE_OBJC_WEAK = YES;
				CLANG_WARN_BLOCK_CAPTURE_AUTORELEASING = YES;
				CLANG_WARN_BOOL_CONVERSION = YES;
				CLANG_WARN_COMMA = YES;
				CLANG_WARN_CONSTANT_CONVERSION = YES;
				CLANG_WARN_DEPRECATED_OBJC_IMPLEMENTATIONS = YES;
				CLANG_WARN_EMPTY_BODY = YES;
				CLANG_WARN_ENUM_CONVERSION = YES;
				CLANG_WARN_INFINITE_RECURSION = YES;
				CLANG_WARN_INT_CONVERSION = YES;
				CLANG_WARN_NON_LITERAL_NULL_CONVERSION = YES;
				CLANG_WARN_OBJC_IMPLICIT_RETAIN_SELF = YES;
				CLANG_WARN_OBJC_LITERAL_CONVERSION = YES;
				CLANG_WARN_RANGE_LOOP_ANALYSIS = YES;
				CLANG_WARN_STRICT_PROTOTYPES = YES;
				CLANG_WARN_SUSPICIOUS_MOVE = YES;
				CLANG_WARN_UNREACHABLE_CODE = YES;
				CLANG_WARN__DUPLICATE_METHOD_MATCH = YES;
				DEBUG_INFORMATION_FORMAT = dwarf;
				ENABLE_STRICT_OBJC_MSGSEND = YES;
				GCC_C_LANGUAGE_STANDARD = c11;
				GCC_INLINES_ARE_PRIVATE_EXTERN = YES;
				GCC_MODEL_TUNING = G5;
				GCC_NO_COMMON_BLOCKS = YES;
				GCC_WARN_64_TO_32_BIT_CONVERSION = YES;
				GCC_WARN_ABOUT_RETURN_TYPE = YES;
				GCC_WARN_CHECK_SWITCH_STATEMENTS = YES;
				GCC_WARN_MISSING_PARENTHESES = YES;
				GCC_WARN_NON_VIRTUAL_DESTRUCTOR = YES;
				GCC_WARN_TYPECHECK_CALLS_TO_PRINTF = YES;
				GCC_WARN_UNDECLARED_SELECTOR = YES;
				GCC_WARN_UNINITIALIZED_AUTOS = YES;
				GCC_WARN_UNUSED_FUNCTION = YES;
				GCC_WARN_UNUSED_VARIABLE = YES;
				PRODUCT_NAME = "Vocal Compressor";
				WARNING_CFLAGS = "-Wreorder";
				ZERO_LINK = NO;
			};
			name = Release;
		};
		F5DA41372593097981378058 = {
			isa = PBXTargetDependency;
			target = 7397F8DC11F2C57B1E475A66;
		};
		BDAE68F9CE5C191E8C4CD4B4 = {
			isa = PBXTargetDependency;
			target = 7E99699A241B922EA8B4DDDB;
		};
		35FD3EBFD5EADD8B25168F19 = {
			isa = PBXTargetDependency;
			target = D77DD1B41A92235C6D6B6942;
		};
		31F6F322D73B6A7BF44EA73E = {
			isa = PBXTargetDependency;
			target = 2BBB74800DDC6BBBAC493E84;
		};
		38C692B1EC677F4CA022F0FB = {
			isa = XCConfigurationList;
			buildConfigurations = (
				B59CB82415C67D1B8EEDC6AF,
				CCA53A907E7DC8994E281E8D,
			);
			defaultConfigurationIsVisible = 0;
			defaultConfigurationName = Debug;
		};
		172B98205C0487228ACA6A1D = {
			isa = XCConfigurationList;
			buildConfigurations = (
				8635B3ACBE4086D60BD4A19B,
				E6437254B89C2235A13AF2D1,
			);
			defaultConfigurationIsVisible = 0;
			defaultConfigurationName = Debug;
		};
		B104C89DAC2EF08973CD4D67 = {
			isa = PBXAggregateTarget;
			buildConfigurationList = 172B98205C0487228ACA6A1D;
			buildPhases = ( );
			buildRules = ( );
			dependencies = (
				F5DA41372593097981378058,
				BDAE68F9CE5C191E8C4CD4B4,
				35FD3EBFD5EADD8B25168F19,
				31F6F322D73B6A7BF44EA73E,
			);
			name = "Vocal Compressor - All";
			productName = "Vocal Compressor";
		};
		8FA9B04DE2822204B5A86918 = {
			isa = XCConfigurationList;
			buildConfigurations = (
				3825EB68E8EB3D1561BBCF68,
				F68A1C40C259B07CBCEBB7E4,
			);
			defaultConfigurationIsVisible = 0;
			defaultConfigurationName = Debug;
		};
		364C15612E1BF95E4B099BEC = {
			isa = PBXResourcesBuildPhase;
			buildActionMask = 2147483647;
			files = (
				B1938A8F3FCA83077A9F71A8,
			);
			runOnlyForDeploymentPostprocessing = 0;
		};
		0BD748205296DA4E1A585018 = {
			isa = PBXSourcesBuildPhase;
			buildActionMask = 2147483647;
			files = (
				369C38B0C3CE47218096B50A,
			);
			runOnlyForDeploymentPostprocessing = 0;
		};
		9C783B42EDC559802BC53A47 = {
			isa = PBXFrameworksBuildPhase;
			buildActionMask = 2147483647;
			files = (
				A8FAFE7C645CDAB0D7B19915,
				2FD4D47A1ADAD0C41AB1A65E,
				ABE0990D8095B5E89904E270,
				C58F703BA1CAAE0678C9816B,
				54DE1805670F17C355A27153,
				087B184DBEE415B4A0CFF08D,
				61436CB8D285A05BE5928973,
				39AF5C64A2946D510BCF6102,
				E65578639506E7E89B23BFBD,
				CEF8F790891D9DEE6ADE41D7,
				E481B751F9884B1B66FDA1BC,
				838A52360080DB87B7FEE940,
			);
			runOnlyForDeploymentPostprocessing = 0;
		};
		7397F8DC11F2C57B1E475A66 = {
			isa = PBXNativeTarget;
			buildConfigurationList = 8FA9B04DE2822204B5A86918;
			buildPhases = (
				364C15612E1BF95E4B099BEC,
				0BD748205296DA4E1A585018,
				9C783B42EDC559802BC53A47,
			);
			buildRules = ( );
			dependencies = (
				31F6F322D73B6A7BF44EA73E,
			);
			name = "Vocal Compressor - VST3";
			productName = "Vocal Compressor";
			productReference = FB717A4C7C7BA538918D930A;
			productType = "com.apple.product-type.bundle";
		};
		F8E572E5AC43A31D2CC095F1 = {
			isa = XCConfigurationList;
			buildConfigurations = (
				95EBEEA4151D79F608BAE689,
				0C36FF9DE012833D1353FF70,
			);
			defaultConfigurationIsVisible = 0;
			defaultConfigurationName = Debug;
		};
		568B446B95C00534D5C5E300 = {
			isa = PBXResourcesBuildPhase;
			buildActionMask = 2147483647;
			files = (
				B1938A8F3FCA83077A9F71A8,
			);
			runOnlyForDeploymentPostprocessing = 0;
		};
		E63205D42BD9910A5DB4B0D1 = {
			isa = PBXRezBuildPhase;
			buildActionMask = 2147483647;
			files = (
				51EE179C0635CF3AE1D17EEA,
			);
			runOnlyForDeploymentPostprocessing = 0;
		};
		0845AAA223A49588D9174258 = {
			isa = PBXSourcesBuildPhase;
			buildActionMask = 2147483647;
			files = (
				A0ADAE30BAAF44DDEF11E899,
				DAFD9A37C1A2CA46148A7925,
			);
			runOnlyForDeploymentPostprocessing = 0;
		};
		E46C2F0942FC3CF7E72B591A = {
			isa = PBXFrameworksBuildPhase;
			buildActionMask = 2147483647;
			files = (
				A8FAFE7C645CDAB0D7B19915,
				2FD4D47A1ADAD0C41AB1A65E,
				B563186873C5E65207A6DE02,
				ABE0990D8095B5E89904E270,
				C58F703BA1CAAE0678C9816B,
				54DE1805670F17C355A27153,
				087B184DBEE415B4A0CFF08D,
				61436CB8D285A05BE5928973,
				39AF5C64A2946D510BCF6102,
				E65578639506E7E89B23BFBD,
				CEF8F790891D9DEE6ADE41D7,
				E481B751F9884B1B66FDA1BC,
				838A52360080DB87B7FEE940,
			);
			runOnlyForDeploymentPostprocessing = 0;
		};
		7E99699A241B922EA8B4DDDB = {
			isa = PBXNativeTarget;
			buildConfigurationList = F8E572E5AC43A31D2CC095F1;
			buildPhases = (
				568B446B95C00534D5C5E300,
				E63205D42BD9910A5DB4B0D1,
				0845AAA223A49588D9174258,
				E46C2F0942FC3CF7E72B591A,
			);
			buildRules = ( );
			dependencies = (
				31F6F322D73B6A7BF44EA73E,
			);
			name = "Vocal Compressor - AU";
			productName = "Vocal Compressor";
			productReference = 235A12C8CA7B2496D007C4D0;
			productType = "com.apple.product-type.bundle";
		};
		429E703662D814E282E0A252 = {
			isa = XCConfigurationList;
			buildConfigurations = (
				4FE2F8E78F7901583BEF3101,
				A1BE9974C8C3804D8CC51FF2,
			);
			defaultConfigurationIsVisible = 0;
			defaultConfigurationName = Debug;
		};
		4FCDA3A0D6976F1C7397D327 = {
			isa = PBXResourcesBuildPhase;
			buildActionMask = 2147483647;
			files = (
				B1938A8F3FCA83077A9F71A8,
			);
			runOnlyForDeploymentPostprocessing = 0;
		};
		FBE89DC6F733C150828C6CA9 = {
			isa = PBXSourcesBuildPhase;
			buildActionMask = 2147483647;
			files = (
				0994FDD28C891C30DEBEEBB6,
			);
			runOnlyForDeploymentPostprocessing = 0;
		};
		011425FDD2A63577404FD630 = {
			isa = PBXFrameworksBuildPhase;
			buildActionMask = 2147483647;
			files = (
				A8FAFE7C645CDAB0D7B19915,
				2FD4D47A1ADAD0C41AB1A65E,
				ABE0990D8095B5E89904E270,
				C58F703BA1CAAE0678C9816B,
				54DE1805670F17C355A27153,
				087B184DBEE415B4A0CFF08D,
				61436CB8D285A05BE5928973,
				39AF5C64A2946D510BCF6102,
				E65578639506E7E89B23BFBD,
				CEF8F790891D9DEE6ADE41D7,
				E481B751F9884B1B66FDA1BC,
				838A52360080DB87B7FEE940,
			);
			runOnlyForDeploymentPostprocessing = 0;
		};
		D77DD1B41A92235C6D6B6942 = {
			isa = PBXNativeTarget;
			buildConfigurationList = 429E703662D814E282E0A252;
			buildPhases = (
				4FCDA3A0D6976F1C7397D327,
				FBE89DC6F733C150828C6CA9,
				011425FDD2A63577404FD630,
			);
			buildRules = ( );
			dependencies = (
				31F6F322D73B6A7BF44EA73E,
			);
			name = "Vocal Compressor - Standalone Plugin";
			productName = "Vocal Compressor";
			productReference = 728447FE16364C5715D5CA5C;
			productType = "com.apple.product-type.application";
		};
		669439F4533B6F32DDCF212A = {
			isa = XCConfigurationList;
			buildConfigurations = (
				013B5D22AB47683FE7863A63,
				A538E1CFC2E7BA36FBC31F4C,
			);
			defaultConfigurationIsVisible = 0;
			defaultConfigurationName = Debug;
		};
		50285D9A92383380A29CA473 = {
			isa = PBXSourcesBuildPhase;
			buildActionMask = 2147483647;
			files = (
				7735D47C1D26EE7B1D72ADEB,
				6368044DB0F160D66FB6F7FF,
				CBB1C6E91A17C43A8DE55174,
				C3EF14D1F8004807CF221DF9,
				78928AB1C371B73EF0E6E36E,
				A2602A1317913CBC1F743750,
				8DCD91BD2C4D1F18946AC635,
				01BE436FCA8079E1E4BA134F,
				84CD69F28639C05472A19B74,
				0EA83519ACBED4415B349BC0,
				93BA48BD1BA70C77446AFDAC,
				70EBEFFAF8BAD6A9AABEA2AD,
				A80532811A419FBEC65AC531,
				6980C4666F67B2E0DF7742EA,
				95D02DB26D9BDD64DF397AEA,
				5727242E95447366CFE9DE85,
				000DC051DF3386F4E1D9831B,
			);
			runOnlyForDeploymentPostprocessing = 0;
		};
		2BBB74800DDC6BBBAC493E84 = {
			isa = PBXNativeTarget;
			buildConfigurationList = 669439F4533B6F32DDCF212A;
			buildPhases = (
				50285D9A92383380A29CA473,
			);
			buildRules = ( );
			dependencies = ( );
			name = "Vocal Compressor - Shared Code";
			productName = "Vocal Compressor";
			productReference = 6181111B32423BAA00601E6D;
			productType = "com.apple.product-type.library.static";
		};
		F6730A1E86E20C5FE4D4F385 = {
			isa = PBXProject;
			buildConfigurationList = 38C692B1EC677F4CA022F0FB;
			attributes = { LastUpgradeCheck = 1100; ORGANIZATIONNAME = "Taylor Page"; TargetAttributes = { B104C89DAC2EF08973CD4D67 = { SystemCapabilities = {com.apple.ApplicationGroups.iOS = { enabled = 0; }; com.apple.InAppPurchase = { enabled = 0; }; com.apple.InterAppAudio = { enabled = 0; }; com.apple.Push = { enabled = 0; }; com.apple.Sandbox = { enabled = 0; }; com.apple.HardenedRuntime = { enabled = 0; }; }; };7397F8DC11F2C57B1E475A66 = { SystemCapabilities = {com.apple.ApplicationGroups.iOS = { enabled = 0; }; com.apple.InAppPurchase = { enabled = 0; }; com.apple.InterAppAudio = { enabled = 0; }; com.apple.Push = { enabled = 0; }; com.apple.Sandbox = { enabled = 0; }; com.apple.HardenedRuntime = { enabled = 0; }; }; };7E99699A241B922EA8B4DDDB = { SystemCapabilities = {com.apple.ApplicationGroups.iOS = { enabled = 0; }; com.apple.InAppPurchase = { enabled = 0; }; com.apple.InterAppAudio = { enabled = 0; }; com.apple.Push = { enabled = 0; }; com.apple.Sandbox = { enabled = 0; }; com.apple.HardenedRuntime = { enabled = 0; }; }; };D77DD1B41A92235C6D6B6942 = { SystemCapabilities = {com.apple.ApplicationGroups.iOS = { enabled = 0; }; com.apple.InAppPurchase = { enabled = 0; }; com.apple.InterAppAudio = { enabled = 0; }; com.apple.Push = { enabled = 0; }; com.apple.Sandbox = { enabled = 0; }; com.apple.HardenedRuntime = { enabled = 0; }; }; };2BBB74800DDC6BBBAC493E84 = { SystemCapabilities = {com.apple.ApplicationGroups.iOS = { enabled = 0; }; com.apple.InAppPurchase = { enabled = 0; }; com.apple.InterAppAudio = { enabled = 0; }; com.apple.Push = { enabled = 0; }; com.apple.Sandbox = { enabled = 0; }; com.apple.HardenedRuntime = { enabled = 0; }; }; }; }; };
			compatibilityVersion = "Xcode 3.2";
			hasScannedForEncodings = 0;
			mainGroup = D9DAD0B4D28F76102EC41835;
			projectDirPath = "";
			projectRoot = "";
			targets = (B104C89DAC2EF08973CD4D67, 7397F8DC11F2C57B1E475A66, 7E99699A241B922EA8B4DDDB, D77DD1B41A92235C6D6B6942, 2BBB74800DDC6BBBAC493E84);
			knownRegions = (en, Base);
		};
	};
	rootObject = F6730A1E86E20C5FE4D4F385;
}
